<?xml version="1.0" encoding="utf-8"?>
<Project ToolsVersion="4.0" xmlns="http://schemas.microsoft.com/developer/msbuild/2003">
  <ItemGroup>
    <Filter Include="Source Files">
      <UniqueIdentifier>{4FC737F1-C7A5-4376-A066-2A32D752A2FF}</UniqueIdentifier>
      <Extensions>cpp;c;cc;cxx;def;odl;idl;hpj;bat;asm;asmx</Extensions>
    </Filter>
    <Filter Include="Header Files">
      <UniqueIdentifier>{93995380-89BD-4b04-88EB-625FBE52EBFB}</UniqueIdentifier>
      <Extensions>h;hh;hpp;hxx;hm;inl;inc;xsd</Extensions>
    </Filter>
    <Filter Include="Resource Files">
      <UniqueIdentifier>{67DA6AB6-F800-4c08-8B7A-83BB121AAD01}</UniqueIdentifier>
      <Extensions>rc;ico;cur;bmp;dlg;rc2;rct;bin;rgs;gif;jpg;jpeg;jpe;resx;tiff;tif;png;wav;mfcribbon-ms</Extensions>
    </Filter>
  </ItemGroup>
  <ItemGroup>
    <Text Include="ReadMe.txt" />
  </ItemGroup>
  <ItemGroup>
    <ClInclude Include="src\shaders\forward_vs.hpp">
      <Filter>Header Files</Filter>
    </ClInclude>
    <ClInclude Include="src\shaders\forward_ps.hpp">
      <Filter>Header Files</Filter>
    </ClInclude>
    <ClInclude Include="src\shaders\forward_instanced_vs.hpp">
      <Filter>Header Files</Filter>
    </ClInclude>
    <ClInclude Include="include\camy_render\camera.hpp">
      <Filter>Header Files</Filter>
    </ClInclude>
    <ClInclude Include="include\camy_render\passes.hpp">
      <Filter>Header Files</Filter>
    </ClInclude>
    <ClInclude Include="include\camy_render\renderer.hpp">
      <Filter>Header Files</Filter>
    </ClInclude>
    <ClInclude Include="include\camy_render\scene.hpp">
      <Filter>Header Files</Filter>
    </ClInclude>
    <ClInclude Include="include\camy_render\scene_node.hpp">
      <Filter>Header Files</Filter>
    </ClInclude>
    <ClInclude Include="include\camy_render.hpp">
      <Filter>Header Files</Filter>
    </ClInclude>
    <ClInclude Include="include\camy_render\vertex.hpp">
      <Filter>Header Files</Filter>
    </ClInclude>
    <ClInclude Include="include\camy_render\geometries.hpp">
      <Filter>Header Files</Filter>
    </ClInclude>
    <ClInclude Include="include\camy_render\loose_octree.hpp">
      <Filter>Header Files</Filter>
    </ClInclude>
    <ClInclude Include="include\camy_render\shader_common.hpp">
      <Filter>Header Files</Filter>
    </ClInclude>
    <ClInclude Include="src\shaders\culling_cs.hpp">
      <Filter>Header Files</Filter>
    </ClInclude>
    <ClInclude Include="src\shaders\depth_only_vs.hpp">
      <Filter>Header Files</Filter>
    </ClInclude>
    <ClInclude Include="src\shaders\depth_view_ps.hpp">
      <Filter>Header Files</Filter>
    </ClInclude>
    <ClInclude Include="src\shaders\depth_view_vs.hpp">
      <Filter>Header Files</Filter>
    </ClInclude>
    <ClInclude Include="src\shaders\sky_ps.hpp">
      <Filter>Header Files</Filter>
    </ClInclude>
    <ClInclude Include="src\shaders\sky_vs.hpp">
      <Filter>Header Files</Filter>
    </ClInclude>
    <ClInclude Include="include\camy_render\post_process_pipeline.hpp">
      <Filter>Header Files</Filter>
    </ClInclude>
    <ClInclude Include="src\shaders\downsample_luminance.hpp">
      <Filter>Header Files</Filter>
    </ClInclude>
    <ClInclude Include="src\shaders\passthrough_pp.hpp">
      <Filter>Header Files</Filter>
    </ClInclude>
    <ClInclude Include="src\shaders\to_luminance_ps.hpp">
      <Filter>Header Files</Filter>
    </ClInclude>
  </ItemGroup>
  <ItemGroup>
    <ClCompile Include="src\renderer.cpp">
      <Filter>Source Files</Filter>
    </ClCompile>
    <ClCompile Include="src\scene.cpp">
      <Filter>Source Files</Filter>
    </ClCompile>
    <ClCompile Include="src\scene_node.cpp">
      <Filter>Source Files</Filter>
    </ClCompile>
    <ClCompile Include="src\loose_octree.cpp">
      <Filter>Source Files</Filter>
    </ClCompile>
    <ClCompile Include="src\passes.cpp">
      <Filter>Source Files</Filter>
    </ClCompile>
    <ClCompile Include="src\camera.cpp">
      <Filter>Source Files</Filter>
    </ClCompile>
    <ClCompile Include="src\shader_common.cpp">
      <Filter>Source Files</Filter>
    </ClCompile>
    <ClCompile Include="src\post_process_pipeline.cpp">
      <Filter>Source Files</Filter>
    </ClCompile>
  </ItemGroup>
  <ItemGroup>
    <None Include="include\camy_render\scene.inl">
      <Filter>Header Files</Filter>
    </None>
    <None Include="include\camy_render\scene_node.inl">
      <Filter>Header Files</Filter>
    </None>
    <None Include="include\camy_render\passes.inl">
      <Filter>Header Files</Filter>
    </None>
  </ItemGroup>
  <ItemGroup>
    <FxCompile Include="shaders\forward_ps.hlsl" />
    <FxCompile Include="shaders\forward_vs.hlsl" />
    <FxCompile Include="shaders\depth_only_vs.hlsl" />
    <FxCompile Include="shaders\sky_vs.hlsl" />
    <FxCompile Include="shaders\sky_ps.hlsl" />
    <FxCompile Include="shaders\culling_cs.hlsl" />
    <FxCompile Include="shaders\depth_view_vs.hlsl" />
    <FxCompile Include="shaders\depth_view_ps.hlsl" />
    <FxCompile Include="shaders\passthrough_pp.hlsl" />
    <FxCompile Include="shaders\to_luminance_ps.hlsl" />
    <FxCompile Include="shaders\downsample_luminance_ps.hlsl" />
    <FxCompile Include="shaders\downsample_bright_ps.hlsl" />
  </ItemGroup>
</Project>