<?xml version="1.0" encoding="utf-8"?>
<Project ToolsVersion="4.0" xmlns="http://schemas.microsoft.com/developer/msbuild/2003">
  <ItemGroup>
    <Filter Include="Source Files">
      <UniqueIdentifier>{4FC737F1-C7A5-4376-A066-2A32D752A2FF}</UniqueIdentifier>
      <Extensions>cpp;c;cc;cxx;def;odl;idl;hpj;bat;asm;asmx</Extensions>
    </Filter>
    <Filter Include="Header Files">
      <UniqueIdentifier>{93995380-89BD-4b04-88EB-625FBE52EBFB}</UniqueIdentifier>
      <Extensions>h;hh;hpp;hxx;hm;inl;inc;xsd</Extensions>
    </Filter>
    <Filter Include="Resource Files">
      <UniqueIdentifier>{67DA6AB6-F800-4c08-8B7A-83BB121AAD01}</UniqueIdentifier>
      <Extensions>rc;ico;cur;bmp;dlg;rc2;rct;bin;rgs;gif;jpg;jpeg;jpe;resx;tiff;tif;png;wav;mfcribbon-ms</Extensions>
    </Filter>
  </ItemGroup>
  <ItemGroup>
    <ClInclude Include="include\camy_base_hpp.hpp">
      <Filter>Header Files</Filter>
    </ClInclude>
    <ClInclude Include="include\camy_base_cpp.hpp">
      <Filter>Header Files</Filter>
    </ClInclude>
    <ClInclude Include="include\camy_core\allocators\page.hpp">
      <Filter>Header Files</Filter>
    </ClInclude>
    <ClInclude Include="include\camy_core\allocators\paged_pool_allocator.hpp">
      <Filter>Header Files</Filter>
    </ClInclude>
    <ClInclude Include="include\camy_core\camy_base.hpp">
      <Filter>Header Files</Filter>
    </ClInclude>
    <ClInclude Include="include\camy_core\camy_decls.hpp">
      <Filter>Header Files</Filter>
    </ClInclude>
    <ClInclude Include="include\camy_core\camy_math.hpp">
      <Filter>Header Files</Filter>
    </ClInclude>
    <ClInclude Include="include\camy_core\layer_dispatcher.hpp">
      <Filter>Header Files</Filter>
    </ClInclude>
    <ClInclude Include="include\camy_core\pipeline_cache.hpp">
      <Filter>Header Files</Filter>
    </ClInclude>
    <ClInclude Include="include\camy_core\render_layer.hpp">
      <Filter>Header Files</Filter>
    </ClInclude>
    <ClInclude Include="include\camy_core\com_utils.hpp">
      <Filter>Header Files</Filter>
    </ClInclude>
    <ClInclude Include="include\camy_core\allocators\paged_linear_allocator.hpp">
      <Filter>Header Files</Filter>
    </ClInclude>
    <ClInclude Include="include\camy_core\camy_error.hpp">
      <Filter>Header Files</Filter>
    </ClInclude>
    <ClInclude Include="include\camy_core\features.hpp">
      <Filter>Header Files</Filter>
    </ClInclude>
    <ClInclude Include="include\camy_core\gpu_backend.hpp">
      <Filter>Header Files</Filter>
    </ClInclude>
    <ClInclude Include="include\camy_core\render_item.hpp">
      <Filter>Header Files</Filter>
    </ClInclude>
    <ClInclude Include="include\camy_core\resources.hpp">
      <Filter>Header Files</Filter>
    </ClInclude>
    <ClInclude Include="include\camy_core\resource_storer.hpp">
      <Filter>Header Files</Filter>
    </ClInclude>
    <ClInclude Include="include\camy_core\shader.hpp">
      <Filter>Header Files</Filter>
    </ClInclude>
    <ClInclude Include="include\camy\allocators\page.hpp">
      <Filter>Header Files</Filter>
    </ClInclude>
    <ClInclude Include="include\camy\allocators\paged_linear_allocator.hpp">
      <Filter>Header Files</Filter>
    </ClInclude>
    <ClInclude Include="include\camy\allocators\paged_pool_allocator.hpp">
      <Filter>Header Files</Filter>
    </ClInclude>
    <ClInclude Include="include\camy\camy_base.hpp">
      <Filter>Header Files</Filter>
    </ClInclude>
    <ClInclude Include="include\camy\camy_decls.hpp">
      <Filter>Header Files</Filter>
    </ClInclude>
    <ClInclude Include="include\camy\camy_error.hpp">
      <Filter>Header Files</Filter>
    </ClInclude>
    <ClInclude Include="include\camy\camy_math.hpp">
      <Filter>Header Files</Filter>
    </ClInclude>
    <ClInclude Include="include\camy\com_utils.hpp">
      <Filter>Header Files</Filter>
    </ClInclude>
    <ClInclude Include="include\camy\features.hpp">
      <Filter>Header Files</Filter>
    </ClInclude>
    <ClInclude Include="include\camy\gpu_backend.hpp">
      <Filter>Header Files</Filter>
    </ClInclude>
    <ClInclude Include="include\camy\layer_dispatcher.hpp">
      <Filter>Header Files</Filter>
    </ClInclude>
    <ClInclude Include="include\camy\pipeline_cache.hpp">
      <Filter>Header Files</Filter>
    </ClInclude>
    <ClInclude Include="include\camy\resource_storer.hpp">
      <Filter>Header Files</Filter>
    </ClInclude>
    <ClInclude Include="include\camy\resources.hpp">
      <Filter>Header Files</Filter>
    </ClInclude>
    <ClInclude Include="include\camy\shader.hpp">
      <Filter>Header Files</Filter>
    </ClInclude>
    <ClInclude Include="include\camy.hpp">
      <Filter>Header Files</Filter>
    </ClInclude>
    <ClInclude Include="include\camy\cbuffer_system.hpp">
      <Filter>Header Files</Filter>
    </ClInclude>
    <ClInclude Include="include\camy\camy_init.hpp">
      <Filter>Header Files</Filter>
    </ClInclude>
    <ClInclude Include="include\camy\layers.hpp">
      <Filter>Header Files</Filter>
    </ClInclude>
    <ClInclude Include="include\camy\common_structs.hpp">
      <Filter>Header Files</Filter>
    </ClInclude>
    <ClInclude Include="include\camy\queue.hpp">
      <Filter>Header Files</Filter>
    </ClInclude>
    <ClInclude Include="src\shaders\pp_vs.hpp">
      <Filter>Header Files</Filter>
    </ClInclude>
    <ClInclude Include="include\camy\config.hpp">
      <Filter>Header Files</Filter>
    </ClInclude>
  </ItemGroup>
  <ItemGroup>
    <ClCompile Include="src\gpu_backend.cpp">
      <Filter>Source Files</Filter>
    </ClCompile>
    <ClCompile Include="src\shader.cpp">
      <Filter>Source Files</Filter>
    </ClCompile>
    <ClCompile Include="src\layer_dispatcher.cpp">
      <Filter>Source Files</Filter>
    </ClCompile>
    <ClCompile Include="src\camy_error.cpp">
      <Filter>Source Files</Filter>
    </ClCompile>
    <ClCompile Include="src\resources.cpp">
      <Filter>Source Files</Filter>
    </ClCompile>
    <ClCompile Include="src\camy_init.cpp">
      <Filter>Source Files</Filter>
    </ClCompile>
    <ClCompile Include="src\cbuffer_system.cpp">
      <Filter>Source Files</Filter>
    </ClCompile>
    <ClCompile Include="src\layers.cpp">
      <Filter>Source Files</Filter>
    </ClCompile>
  </ItemGroup>
  <ItemGroup>
    <None Include="include\camy_core\allocators\paged_pool_allocator.inl">
      <Filter>Header Files</Filter>
    </None>
    <None Include="include\camy_core\render_layer.inl">
      <Filter>Header Files</Filter>
    </None>
    <None Include="include\camy_core\allocators\paged_linear_allocator.inl">
      <Filter>Header Files</Filter>
    </None>
    <None Include="include\camy_core\gpu_backend.inl">
      <Filter>Header Files</Filter>
    </None>
    <None Include="include\camy_core\resource_storer.inl">
      <Filter>Header Files</Filter>
    </None>
    <None Include="include\camy_core\shader.inl">
      <Filter>Header Files</Filter>
    </None>
    <None Include="include\camy\allocators\paged_linear_allocator.inl">
      <Filter>Header Files</Filter>
    </None>
    <None Include="include\camy\allocators\paged_pool_allocator.inl">
      <Filter>Header Files</Filter>
    </None>
    <None Include="include\camy\gpu_backend.inl">
      <Filter>Header Files</Filter>
    </None>
    <None Include="include\camy\resource_storer.inl">
      <Filter>Header Files</Filter>
    </None>
    <None Include="include\camy\shader.inl">
      <Filter>Header Files</Filter>
    </None>
    <None Include="include\camy\camy_math.inl">
      <Filter>Header Files</Filter>
    </None>
    <None Include="include\camy\camy_error.inl">
      <Filter>Header Files</Filter>
    </None>
    <None Include="include\camy\queue.inl">
      <Filter>Header Files</Filter>
    </None>
  </ItemGroup>
  <ItemGroup>
    <FxCompile Include="shaders\pp_vs.hlsl" />
  </ItemGroup>
</Project>