
Microsoft Visual Studio Solution File, Format Version 12.00
# Visual Studio 14
VisualStudioVersion = 14.0.24720.0
MinimumVisualStudioVersion = 10.0.40219.1
Project("{8BC9CEB8-8B4A-11D0-8D11-00A0C91BC942}") = "camy_test", "..\camy_test\camy_test.vcxproj", "{C4A23FB7-577F-4D24-A402-2C9A3AB7320B}"
	ProjectSection(ProjectDependencies) = postProject
		{9693C703-4254-42CF-B19A-1A24062A8E7A} = {9693C703-4254-42CF-B19A-1A24062A8E7A}
		{36B17453-4383-4FC4-BC83-A4BFBC662274} = {36B17453-4383-4FC4-BC83-A4BFBC662274}
		{3A2E22DE-FE6E-4786-A769-E5439C1543D3} = {3A2E22DE-FE6E-4786-A769-E5439C1543D3}
	EndProjectSection
EndProject
Project("{8BC9CEB8-8B4A-11D0-8D11-00A0C91BC942}") = "camy_render", "..\camy_render\camy_render.vcxproj", "{36B17453-4383-4FC4-BC83-A4BFBC662274}"
	ProjectSection(ProjectDependencies) = postProject
		{9693C703-4254-42CF-B19A-1A24062A8E7A} = {9693C703-4254-42CF-B19A-1A24062A8E7A}
	EndProjectSection
EndProject
Project("{8BC9CEB8-8B4A-11D0-8D11-00A0C91BC942}") = "camy", "..\camy\camy.vcxproj", "{9693C703-4254-42CF-B19A-1A24062A8E7A}"
EndProject
Project("{8BC9CEB8-8B4A-11D0-8D11-00A0C91BC942}") = "camy_importer", "..\camy_importer\camy_importer.vcxproj", "{3A2E22DE-FE6E-4786-A769-E5439C1543D3}"
EndProject
Global
	GlobalSection(SolutionConfigurationPlatforms) = preSolution
		Debug|x64 = Debug|x64
		Debug|x86 = Debug|x86
		Release|x64 = Release|x64
		Release|x86 = Release|x86
	EndGlobalSection
	GlobalSection(ProjectConfigurationPlatforms) = postSolution
		{C4A23FB7-577F-4D24-A402-2C9A3AB7320B}.Debug|x64.ActiveCfg = Debug|x64
		{C4A23FB7-577F-4D24-A402-2C9A3AB7320B}.Debug|x64.Build.0 = Debug|x64
		{C4A23FB7-577F-4D24-A402-2C9A3AB7320B}.Debug|x86.ActiveCfg = Debug|Win32
		{C4A23FB7-577F-4D24-A402-2C9A3AB7320B}.Debug|x86.Build.0 = Debug|Win32
		{C4A23FB7-577F-4D24-A402-2C9A3AB7320B}.Release|x64.ActiveCfg = Release|x64
		{C4A23FB7-577F-4D24-A402-2C9A3AB7320B}.Release|x64.Build.0 = Release|x64
		{C4A23FB7-577F-4D24-A402-2C9A3AB7320B}.Release|x86.ActiveCfg = Release|Win32
		{C4A23FB7-577F-4D24-A402-2C9A3AB7320B}.Release|x86.Build.0 = Release|Win32
		{36B17453-4383-4FC4-BC83-A4BFBC662274}.Debug|x64.ActiveCfg = Debug|x64
		{36B17453-4383-4FC4-BC83-A4BFBC662274}.Debug|x64.Build.0 = Debug|x64
		{36B17453-4383-4FC4-BC83-A4BFBC662274}.Debug|x86.ActiveCfg = Debug|Win32
		{36B17453-4383-4FC4-BC83-A4BFBC662274}.Debug|x86.Build.0 = Debug|Win32
		{36B17453-4383-4FC4-BC83-A4BFBC662274}.Release|x64.ActiveCfg = Release|x64
		{36B17453-4383-4FC4-BC83-A4BFBC662274}.Release|x64.Build.0 = Release|x64
		{36B17453-4383-4FC4-BC83-A4BFBC662274}.Release|x86.ActiveCfg = Release|Win32
		{36B17453-4383-4FC4-BC83-A4BFBC662274}.Release|x86.Build.0 = Release|Win32
		{9693C703-4254-42CF-B19A-1A24062A8E7A}.Debug|x64.ActiveCfg = Debug|x64
		{9693C703-4254-42CF-B19A-1A24062A8E7A}.Debug|x64.Build.0 = Debug|x64
		{9693C703-4254-42CF-B19A-1A24062A8E7A}.Debug|x86.ActiveCfg = Debug|Win32
		{9693C703-4254-42CF-B19A-1A24062A8E7A}.Debug|x86.Build.0 = Debug|Win32
		{9693C703-4254-42CF-B19A-1A24062A8E7A}.Release|x64.ActiveCfg = Release|x64
		{9693C703-4254-42CF-B19A-1A24062A8E7A}.Release|x64.Build.0 = Release|x64
		{9693C703-4254-42CF-B19A-1A24062A8E7A}.Release|x86.ActiveCfg = Release|Win32
		{9693C703-4254-42CF-B19A-1A24062A8E7A}.Release|x86.Build.0 = Release|Win32
		{3A2E22DE-FE6E-4786-A769-E5439C1543D3}.Debug|x64.ActiveCfg = Debug|x64
		{3A2E22DE-FE6E-4786-A769-E5439C1543D3}.Debug|x64.Build.0 = Debug|x64
		{3A2E22DE-FE6E-4786-A769-E5439C1543D3}.Debug|x86.ActiveCfg = Debug|Win32
		{3A2E22DE-FE6E-4786-A769-E5439C1543D3}.Debug|x86.Build.0 = Debug|Win32
		{3A2E22DE-FE6E-4786-A769-E5439C1543D3}.Release|x64.ActiveCfg = Release|x64
		{3A2E22DE-FE6E-4786-A769-E5439C1543D3}.Release|x64.Build.0 = Release|x64
		{3A2E22DE-FE6E-4786-A769-E5439C1543D3}.Release|x86.ActiveCfg = Release|Win32
		{3A2E22DE-FE6E-4786-A769-E5439C1543D3}.Release|x86.Build.0 = Release|Win32
	EndGlobalSection
	GlobalSection(SolutionProperties) = preSolution
		HideSolutionNode = FALSE
	EndGlobalSection
EndGlobal
