<?xml version="1.0" encoding="utf-8"?>
<Project ToolsVersion="4.0" xmlns="http://schemas.microsoft.com/developer/msbuild/2003">
  <ItemGroup>
    <Filter Include="include">
      <UniqueIdentifier>{4b492297-75ab-4bca-b23c-944cd8181789}</UniqueIdentifier>
    </Filter>
    <Filter Include="include\camy">
      <UniqueIdentifier>{ba9dafdc-0c9d-4a4d-aeda-62037619e72d}</UniqueIdentifier>
    </Filter>
    <Filter Include="include\camy\graphics">
      <UniqueIdentifier>{8b300861-2a39-440b-a87c-709a5ff7bf9b}</UniqueIdentifier>
    </Filter>
    <Filter Include="include\camy\core">
      <UniqueIdentifier>{7edc039d-5aac-42f9-9323-4f7bb528cb6a}</UniqueIdentifier>
    </Filter>
    <Filter Include="include\camy\core\math">
      <UniqueIdentifier>{25d7e93a-0bea-48e5-a9a9-cb8f912464d7}</UniqueIdentifier>
    </Filter>
    <Filter Include="include\camy\core\memory">
      <UniqueIdentifier>{47632af7-ff55-4bb2-9773-7c91e88e8243}</UniqueIdentifier>
    </Filter>
    <Filter Include="include\camy\core\os">
      <UniqueIdentifier>{63a6b1a7-defa-4be6-a3ad-5d8fb8428ed9}</UniqueIdentifier>
    </Filter>
    <Filter Include="include\camy\graphics\d3d11">
      <UniqueIdentifier>{c028d18c-9040-4353-8dc2-7903b16d5a17}</UniqueIdentifier>
    </Filter>
    <Filter Include="include\camy\graphics\opengl4">
      <UniqueIdentifier>{78e3b5de-b9b4-4e75-8f87-a807cc8502f8}</UniqueIdentifier>
    </Filter>
    <Filter Include="src">
      <UniqueIdentifier>{02fbefcc-3028-465a-8322-b8c6fe8c8602}</UniqueIdentifier>
    </Filter>
    <Filter Include="src\core">
      <UniqueIdentifier>{c84ae859-0330-44b9-9d51-1aa2c35af05d}</UniqueIdentifier>
    </Filter>
    <Filter Include="src\graphics">
      <UniqueIdentifier>{1c09911c-d6df-44c5-9b39-13cd3dc6ae10}</UniqueIdentifier>
    </Filter>
    <Filter Include="src\core\math">
      <UniqueIdentifier>{2b1b57c1-beff-4160-bb2e-eeb2b4a99a15}</UniqueIdentifier>
    </Filter>
    <Filter Include="src\core\memory">
      <UniqueIdentifier>{37db3a2f-1df8-46db-97dd-35f1df964a2f}</UniqueIdentifier>
    </Filter>
    <Filter Include="src\core\os">
      <UniqueIdentifier>{fb3001bf-8783-45a2-a684-beebb5832ca4}</UniqueIdentifier>
    </Filter>
    <Filter Include="src\graphics\d3d11">
      <UniqueIdentifier>{31709a5d-da69-4747-9834-f3e57a03e79f}</UniqueIdentifier>
    </Filter>
    <Filter Include="src\graphics\opengl4">
      <UniqueIdentifier>{fac81563-90c0-4ba3-b160-bc7b86c6644d}</UniqueIdentifier>
    </Filter>
  </ItemGroup>
  <ItemGroup>
    <None Include="..\include\camy_core">
      <Filter>include</Filter>
    </None>
    <None Include="..\include\camy_graphics">
      <Filter>include</Filter>
    </None>
  </ItemGroup>
  <ItemGroup>
    <ClInclude Include="..\include\camy\core\base.hpp">
      <Filter>include\camy\core</Filter>
    </ClInclude>
    <ClInclude Include="..\include\camy\core\utils.hpp">
      <Filter>include\camy\core</Filter>
    </ClInclude>
    <ClInclude Include="..\include\camy\core\math\colors.hpp">
      <Filter>include\camy\core\math</Filter>
    </ClInclude>
    <ClInclude Include="..\include\camy\core\math\types.hpp">
      <Filter>include\camy\core\math</Filter>
    </ClInclude>
    <ClInclude Include="..\include\camy\core\memory\alloc.hpp">
      <Filter>include\camy\core\memory</Filter>
    </ClInclude>
    <ClInclude Include="..\include\camy\core\memory\auto_ptr.hpp">
      <Filter>include\camy\core\memory</Filter>
    </ClInclude>
    <ClInclude Include="..\include\camy\core\memory\int2int_map.hpp">
      <Filter>include\camy\core\memory</Filter>
    </ClInclude>
    <ClInclude Include="..\include\camy\core\memory\linear_array.hpp">
      <Filter>include\camy\core\memory</Filter>
    </ClInclude>
    <ClInclude Include="..\include\camy\core\memory\linear_vector.hpp">
      <Filter>include\camy\core\memory</Filter>
    </ClInclude>
    <ClInclude Include="..\include\camy\core\memory\paged_linear_vector.hpp">
      <Filter>include\camy\core\memory</Filter>
    </ClInclude>
    <ClInclude Include="..\include\camy\core\memory\paged_pool.hpp">
      <Filter>include\camy\core\memory</Filter>
    </ClInclude>
    <ClInclude Include="..\include\camy\core\memory\pages.hpp">
      <Filter>include\camy\core\memory</Filter>
    </ClInclude>
    <ClInclude Include="..\include\camy\core\memory\pool.hpp">
      <Filter>include\camy\core\memory</Filter>
    </ClInclude>
    <ClInclude Include="..\include\camy\core\memory\stack.hpp">
      <Filter>include\camy\core\memory</Filter>
    </ClInclude>
    <ClInclude Include="..\include\camy\core\memory\static_array.hpp">
      <Filter>include\camy\core\memory</Filter>
    </ClInclude>
    <ClInclude Include="..\include\camy\core\memory\static_string.hpp">
      <Filter>include\camy\core\memory</Filter>
    </ClInclude>
    <ClInclude Include="..\include\camy\core\memory\vector.hpp">
      <Filter>include\camy\core\memory</Filter>
    </ClInclude>
    <ClInclude Include="..\include\camy\graphics\base.hpp">
      <Filter>include\camy\graphics</Filter>
    </ClInclude>
    <ClInclude Include="..\include\camy\graphics\command_list.hpp">
      <Filter>include\camy\graphics</Filter>
    </ClInclude>
    <ClInclude Include="..\include\camy\graphics\compute_bucket.hpp">
      <Filter>include\camy\graphics</Filter>
    </ClInclude>
    <ClInclude Include="..\include\camy\graphics\frame.hpp">
      <Filter>include\camy\graphics</Filter>
    </ClInclude>
    <ClInclude Include="..\include\camy\graphics\ibucket.hpp">
      <Filter>include\camy\graphics</Filter>
    </ClInclude>
    <ClInclude Include="..\include\camy\graphics\platform.hpp">
      <Filter>include\camy\graphics</Filter>
    </ClInclude>
    <ClInclude Include="..\include\camy\graphics\program.hpp">
      <Filter>include\camy\graphics</Filter>
    </ClInclude>
    <ClInclude Include="..\include\camy\graphics\render_bucket.hpp">
      <Filter>include\camy\graphics</Filter>
    </ClInclude>
    <ClInclude Include="..\include\camy\graphics\render_context.hpp">
      <Filter>include\camy\graphics</Filter>
    </ClInclude>
    <ClInclude Include="..\include\camy\graphics\resource_manager.hpp">
      <Filter>include\camy\graphics</Filter>
    </ClInclude>
    <ClInclude Include="..\include\camy\graphics\d3d11\d3d11_graphics_base.hpp">
      <Filter>include\camy\graphics\d3d11</Filter>
    </ClInclude>
    <ClInclude Include="..\include\camy\graphics\d3d11\d3d11_impl_base.hpp">
      <Filter>include\camy\graphics\d3d11</Filter>
    </ClInclude>
    <ClInclude Include="..\include\camy\graphics\opengl4\opengl4_graphics_base.hpp">
      <Filter>include\camy\graphics\opengl4</Filter>
    </ClInclude>
    <ClInclude Include="..\include\camy\graphics\opengl4\opengl4_impl_base.hpp">
      <Filter>include\camy\graphics\opengl4</Filter>
    </ClInclude>
    <ClInclude Include="..\include\camy\core\math\ops.hpp">
      <Filter>include\camy\core\math</Filter>
    </ClInclude>
    <ClInclude Include="..\include\camy\core\os\time.hpp">
      <Filter>include\camy\core\os</Filter>
    </ClInclude>
    <ClInclude Include="..\include\camy\core\os\file.hpp">
      <Filter>include\camy\core\os</Filter>
    </ClInclude>
    <ClInclude Include="..\include\camy\core\os\log.hpp">
      <Filter>include\camy\core\os</Filter>
    </ClInclude>
    <ClInclude Include="..\include\camy\graphics\effect_bucket.hpp">
      <Filter>include\camy\graphics</Filter>
    </ClInclude>
    <ClInclude Include="..\include\camy\core\os\thread.hpp">
      <Filter>include\camy\core\os</Filter>
    </ClInclude>
    <ClInclude Include="..\include\camy\core\memory\ring_buffer.hpp">
      <Filter>include\camy\core\memory</Filter>
    </ClInclude>
  </ItemGroup>
  <ItemGroup>
    <ClCompile Include="..\src\core\math\types.cpp">
      <Filter>src\core\math</Filter>
    </ClCompile>
    <ClCompile Include="..\src\core\memory\alloc.cpp">
      <Filter>src\core\memory</Filter>
    </ClCompile>
    <ClCompile Include="..\src\core\memory\int2int_map.cpp">
      <Filter>src\core\memory</Filter>
    </ClCompile>
    <ClCompile Include="..\src\core\os\time.cpp">
      <Filter>src\core\os</Filter>
    </ClCompile>
    <ClCompile Include="..\src\graphics\base.cpp">
      <Filter>src\graphics</Filter>
    </ClCompile>
    <ClCompile Include="..\src\graphics\compute_bucket.cpp">
      <Filter>src\graphics</Filter>
    </ClCompile>
    <ClCompile Include="..\src\graphics\frame.cpp">
      <Filter>src\graphics</Filter>
    </ClCompile>
    <ClCompile Include="..\src\graphics\render_bucket.cpp">
      <Filter>src\graphics</Filter>
    </ClCompile>
    <ClCompile Include="..\src\graphics\d3d11\d3d11_command_list.cpp">
      <Filter>src\graphics\d3d11</Filter>
    </ClCompile>
    <ClCompile Include="..\src\graphics\d3d11\d3d11_platform.cpp">
      <Filter>src\graphics\d3d11</Filter>
    </ClCompile>
    <ClCompile Include="..\src\graphics\d3d11\d3d11_render_context.cpp">
      <Filter>src\graphics\d3d11</Filter>
    </ClCompile>
    <ClCompile Include="..\src\graphics\opengl4\opengl4_command_list.cpp">
      <Filter>src\graphics\opengl4</Filter>
    </ClCompile>
    <ClCompile Include="..\src\graphics\opengl4\opengl4_platform.cpp">
      <Filter>src\graphics\opengl4</Filter>
    </ClCompile>
    <ClCompile Include="..\src\graphics\opengl4\opengl4_render_context.cpp">
      <Filter>src\graphics\opengl4</Filter>
    </ClCompile>
    <ClCompile Include="..\src\graphics\program.cpp">
      <Filter>src\graphics</Filter>
    </ClCompile>
    <ClCompile Include="..\src\graphics\d3d11\d3d11_program.cpp">
      <Filter>src\graphics\d3d11</Filter>
    </ClCompile>
    <ClCompile Include="..\src\graphics\opengl4\opengl4_program.cpp">
      <Filter>src\graphics\opengl4</Filter>
    </ClCompile>
    <ClCompile Include="..\src\core\math\ops.cpp">
      <Filter>src\core\math</Filter>
    </ClCompile>
    <ClCompile Include="..\src\core\os\file.cpp">
      <Filter>src\core\os</Filter>
    </ClCompile>
    <ClCompile Include="..\src\core\os\log.cpp">
      <Filter>src\core\os</Filter>
    </ClCompile>
    <ClCompile Include="..\src\graphics\effect_bucket.cpp">
      <Filter>src\graphics</Filter>
    </ClCompile>
    <ClCompile Include="..\src\core\os\thread.cpp">
      <Filter>src\core\os</Filter>
    </ClCompile>
  </ItemGroup>
</Project>